
Microsoft Visual Studio Solution File, Format Version 12.00
# Visual Studio 15
VisualStudioVersion = 15.0.26403.7
MinimumVisualStudioVersion = 10.0.40219.1
Project("{2150E333-8FDC-42A3-9474-1A3956D46DE8}") = "test", "test", "{ABC540C1-63F2-4116-8EFF-85382CAF3269}"
EndProject
Project("{2150E333-8FDC-42A3-9474-1A3956D46DE8}") = "src", "src", "{34622087-9FF6-463C-89C7-FB224CA3C3FE}"
EndProject
Project("{2150E333-8FDC-42A3-9474-1A3956D46DE8}") = "Services", "Services", "{B5C21751-D7AF-4FE7-ABC0-E2EBA705CECC}"
EndProject
Project("{2150E333-8FDC-42A3-9474-1A3956D46DE8}") = "Identity", "Identity", "{FBFF76D8-7E2A-47D5-801B-46E6E4C6A5EE}"
EndProject
Project("{2150E333-8FDC-42A3-9474-1A3956D46DE8}") = "Infrastructure", "Infrastructure", "{FFD5003A-0FE6-4028-B73A-DE4C8D46171C}"
EndProject
Project("{2150E333-8FDC-42A3-9474-1A3956D46DE8}") = "Clients", "Clients", "{C44F5F35-5FC3-4E80-84F9-2560DEDEE749}"
EndProject
Project("{9A19103F-16F7-4668-BE54-9A1E7A4F7556}") = "Identity.Api", "src\Services\Identity\Identity.Api\Identity.Api.csproj", "{87081C29-8B89-49DB-9641-719E1CEF264B}"
EndProject
Project("{9A19103F-16F7-4668-BE54-9A1E7A4F7556}") = "Identity.Core", "src\Services\Identity\Identity.Core\Identity.Core.csproj", "{73B34DA8-4481-43C6-A814-37548FDDA7F7}"
EndProject
Project("{9A19103F-16F7-4668-BE54-9A1E7A4F7556}") = "Identity.Service", "src\Services\Identity\Identity.Service\Identity.Service.csproj", "{C9750E43-AE34-44BC-9171-BCD6BE3F5A2F}"
EndProject
Project("{9A19103F-16F7-4668-BE54-9A1E7A4F7556}") = "Rwby.Core", "src\Infrastructure\Rwby.Core\Rwby.Core.csproj", "{85E73B6F-F08E-4DE4-A56F-2A03B32AC95B}"
EndProject
Project("{9A19103F-16F7-4668-BE54-9A1E7A4F7556}") = "Rwby.DataAccess", "src\Infrastructure\Rwby.DataAccess\Rwby.DataAccess.csproj", "{03E9AC12-FA1C-4648-A527-FDEEA986E4A8}"
EndProject
Project("{2150E333-8FDC-42A3-9474-1A3956D46DE8}") = "Identity", "Identity", "{EF457364-981A-4715-BEE7-1996AF8A7A58}"
EndProject
Project("{9A19103F-16F7-4668-BE54-9A1E7A4F7556}") = "IdentityConstants", "src\Clients\Identity\IdentityConstants\IdentityConstants.csproj", "{A8764F27-8D4D-44B0-BF13-CA05BDC603B1}"
EndProject
Project("{9A19103F-16F7-4668-BE54-9A1E7A4F7556}") = "Identity.MvcClient", "src\Clients\Identity\Identity.MvcClient\Identity.MvcClient.csproj", "{8A4DFF75-A6D8-4A6C-9ED1-A3F592C0C387}"
EndProject
Project("{9A19103F-16F7-4668-BE54-9A1E7A4F7556}") = "Identity.JsWeb", "src\Clients\Identity\Identity.JsWeb\Identity.JsWeb.csproj", "{475898D4-B597-4631-9164-63652DD77E43}"
EndProject
Project("{2150E333-8FDC-42A3-9474-1A3956D46DE8}") = "Users", "Users", "{D39C393F-F1FD-4BD2-B417-DEACD49CAD1A}"
EndProject
Project("{9A19103F-16F7-4668-BE54-9A1E7A4F7556}") = "Users.Api", "src\Services\Users\Users.Api\Users.Api.csproj", "{903BCEB2-9FC8-4CA4-BCA3-A0D83D6AC35D}"
EndProject
Project("{2150E333-8FDC-42A3-9474-1A3956D46DE8}") = "Services", "Services", "{6CE7A950-6D6F-440E-BDC5-15DB4B4079EF}"
EndProject
Project("{9A19103F-16F7-4668-BE54-9A1E7A4F7556}") = "UnitTest", "test\Services\UnitTest\UnitTest.csproj", "{F2E04E6F-A384-4CD4-94BE-853D41E2EB80}"
EndProject
Project("{FAE04EC0-301F-11D3-BF4B-00C04F79EFBC}") = "Users.Core", "src\Services\Users\Users.Core\Users.Core.csproj", "{8FBF3F07-342D-4EE7-9DB5-E95776B32879}"
EndProject
Project("{FAE04EC0-301F-11D3-BF4B-00C04F79EFBC}") = "Users.Service", "src\Services\Users\Users.Service\Users.Service.csproj", "{6B78DE00-0FA4-4994-A197-91161B018883}"
EndProject
Project("{9A19103F-16F7-4668-BE54-9A1E7A4F7556}") = "Identity.ApiClient", "src\Clients\Identity\Identity.ApiClient\Identity.ApiClient.csproj", "{1D2A6A62-5C44-49F3-8464-0BB1EEC6B96C}"
EndProject
Project("{9A19103F-16F7-4668-BE54-9A1E7A4F7556}") = "Rwby.Identity", "src\Infrastructure\Rwby.Identity\Rwby.Identity.csproj", "{1E5CD25D-1A83-4A66-AE79-509A1909E15A}"
EndProject
Project("{FAE04EC0-301F-11D3-BF4B-00C04F79EFBC}") = "Rwby.Identity.Extention", "src\Infrastructure\Rwby.Identity.Extention\Rwby.Identity.Extention.csproj", "{86013A0D-1668-4D7F-B2FD-C5B6F4EDBF60}"
EndProject
Project("{FAE04EC0-301F-11D3-BF4B-00C04F79EFBC}") = "Rwby.Http", "src\Infrastructure\Rwby.Http\Rwby.Http.csproj", "{6DDCFAD6-28B0-4F3B-BCAD-0AA0EB4C4076}"
EndProject
Global
	GlobalSection(SolutionConfigurationPlatforms) = preSolution
		Debug|Any CPU = Debug|Any CPU
		Release|Any CPU = Release|Any CPU
	EndGlobalSection
	GlobalSection(ProjectConfigurationPlatforms) = postSolution
		{87081C29-8B89-49DB-9641-719E1CEF264B}.Debug|Any CPU.ActiveCfg = Debug|Any CPU
		{87081C29-8B89-49DB-9641-719E1CEF264B}.Debug|Any CPU.Build.0 = Debug|Any CPU
		{87081C29-8B89-49DB-9641-719E1CEF264B}.Release|Any CPU.ActiveCfg = Release|Any CPU
		{87081C29-8B89-49DB-9641-719E1CEF264B}.Release|Any CPU.Build.0 = Release|Any CPU
		{73B34DA8-4481-43C6-A814-37548FDDA7F7}.Debug|Any CPU.ActiveCfg = Debug|Any CPU
		{73B34DA8-4481-43C6-A814-37548FDDA7F7}.Debug|Any CPU.Build.0 = Debug|Any CPU
		{73B34DA8-4481-43C6-A814-37548FDDA7F7}.Release|Any CPU.ActiveCfg = Release|Any CPU
		{73B34DA8-4481-43C6-A814-37548FDDA7F7}.Release|Any CPU.Build.0 = Release|Any CPU
		{C9750E43-AE34-44BC-9171-BCD6BE3F5A2F}.Debug|Any CPU.ActiveCfg = Debug|Any CPU
		{C9750E43-AE34-44BC-9171-BCD6BE3F5A2F}.Debug|Any CPU.Build.0 = Debug|Any CPU
		{C9750E43-AE34-44BC-9171-BCD6BE3F5A2F}.Release|Any CPU.ActiveCfg = Release|Any CPU
		{C9750E43-AE34-44BC-9171-BCD6BE3F5A2F}.Release|Any CPU.Build.0 = Release|Any CPU
		{85E73B6F-F08E-4DE4-A56F-2A03B32AC95B}.Debug|Any CPU.ActiveCfg = Debug|Any CPU
		{85E73B6F-F08E-4DE4-A56F-2A03B32AC95B}.Debug|Any CPU.Build.0 = Debug|Any CPU
		{85E73B6F-F08E-4DE4-A56F-2A03B32AC95B}.Release|Any CPU.ActiveCfg = Release|Any CPU
		{85E73B6F-F08E-4DE4-A56F-2A03B32AC95B}.Release|Any CPU.Build.0 = Release|Any CPU
		{03E9AC12-FA1C-4648-A527-FDEEA986E4A8}.Debug|Any CPU.ActiveCfg = Debug|Any CPU
		{03E9AC12-FA1C-4648-A527-FDEEA986E4A8}.Debug|Any CPU.Build.0 = Debug|Any CPU
		{03E9AC12-FA1C-4648-A527-FDEEA986E4A8}.Release|Any CPU.ActiveCfg = Release|Any CPU
		{03E9AC12-FA1C-4648-A527-FDEEA986E4A8}.Release|Any CPU.Build.0 = Release|Any CPU
		{A8764F27-8D4D-44B0-BF13-CA05BDC603B1}.Debug|Any CPU.ActiveCfg = Debug|Any CPU
		{A8764F27-8D4D-44B0-BF13-CA05BDC603B1}.Debug|Any CPU.Build.0 = Debug|Any CPU
		{A8764F27-8D4D-44B0-BF13-CA05BDC603B1}.Release|Any CPU.ActiveCfg = Release|Any CPU
		{A8764F27-8D4D-44B0-BF13-CA05BDC603B1}.Release|Any CPU.Build.0 = Release|Any CPU
		{8A4DFF75-A6D8-4A6C-9ED1-A3F592C0C387}.Debug|Any CPU.ActiveCfg = Debug|Any CPU
		{8A4DFF75-A6D8-4A6C-9ED1-A3F592C0C387}.Debug|Any CPU.Build.0 = Debug|Any CPU
		{8A4DFF75-A6D8-4A6C-9ED1-A3F592C0C387}.Release|Any CPU.ActiveCfg = Release|Any CPU
		{8A4DFF75-A6D8-4A6C-9ED1-A3F592C0C387}.Release|Any CPU.Build.0 = Release|Any CPU
		{475898D4-B597-4631-9164-63652DD77E43}.Debug|Any CPU.ActiveCfg = Debug|Any CPU
		{475898D4-B597-4631-9164-63652DD77E43}.Debug|Any CPU.Build.0 = Debug|Any CPU
		{475898D4-B597-4631-9164-63652DD77E43}.Release|Any CPU.ActiveCfg = Release|Any CPU
		{475898D4-B597-4631-9164-63652DD77E43}.Release|Any CPU.Build.0 = Release|Any CPU
		{903BCEB2-9FC8-4CA4-BCA3-A0D83D6AC35D}.Debug|Any CPU.ActiveCfg = Debug|Any CPU
		{903BCEB2-9FC8-4CA4-BCA3-A0D83D6AC35D}.Debug|Any CPU.Build.0 = Debug|Any CPU
		{903BCEB2-9FC8-4CA4-BCA3-A0D83D6AC35D}.Release|Any CPU.ActiveCfg = Release|Any CPU
		{903BCEB2-9FC8-4CA4-BCA3-A0D83D6AC35D}.Release|Any CPU.Build.0 = Release|Any CPU
		{F2E04E6F-A384-4CD4-94BE-853D41E2EB80}.Debug|Any CPU.ActiveCfg = Debug|Any CPU
		{F2E04E6F-A384-4CD4-94BE-853D41E2EB80}.Debug|Any CPU.Build.0 = Debug|Any CPU
		{F2E04E6F-A384-4CD4-94BE-853D41E2EB80}.Release|Any CPU.ActiveCfg = Release|Any CPU
		{F2E04E6F-A384-4CD4-94BE-853D41E2EB80}.Release|Any CPU.Build.0 = Release|Any CPU
		{8FBF3F07-342D-4EE7-9DB5-E95776B32879}.Debug|Any CPU.ActiveCfg = Debug|Any CPU
		{8FBF3F07-342D-4EE7-9DB5-E95776B32879}.Debug|Any CPU.Build.0 = Debug|Any CPU
		{8FBF3F07-342D-4EE7-9DB5-E95776B32879}.Release|Any CPU.ActiveCfg = Release|Any CPU
		{8FBF3F07-342D-4EE7-9DB5-E95776B32879}.Release|Any CPU.Build.0 = Release|Any CPU
		{6B78DE00-0FA4-4994-A197-91161B018883}.Debug|Any CPU.ActiveCfg = Debug|Any CPU
		{6B78DE00-0FA4-4994-A197-91161B018883}.Debug|Any CPU.Build.0 = Debug|Any CPU
		{6B78DE00-0FA4-4994-A197-91161B018883}.Release|Any CPU.ActiveCfg = Release|Any CPU
		{6B78DE00-0FA4-4994-A197-91161B018883}.Release|Any CPU.Build.0 = Release|Any CPU
		{1D2A6A62-5C44-49F3-8464-0BB1EEC6B96C}.Debug|Any CPU.ActiveCfg = Debug|Any CPU
		{1D2A6A62-5C44-49F3-8464-0BB1EEC6B96C}.Debug|Any CPU.Build.0 = Debug|Any CPU
		{1D2A6A62-5C44-49F3-8464-0BB1EEC6B96C}.Release|Any CPU.ActiveCfg = Release|Any CPU
		{1D2A6A62-5C44-49F3-8464-0BB1EEC6B96C}.Release|Any CPU.Build.0 = Release|Any CPU
		{1E5CD25D-1A83-4A66-AE79-509A1909E15A}.Debug|Any CPU.ActiveCfg = Debug|Any CPU
		{1E5CD25D-1A83-4A66-AE79-509A1909E15A}.Debug|Any CPU.Build.0 = Debug|Any CPU
		{1E5CD25D-1A83-4A66-AE79-509A1909E15A}.Release|Any CPU.ActiveCfg = Release|Any CPU
		{1E5CD25D-1A83-4A66-AE79-509A1909E15A}.Release|Any CPU.Build.0 = Release|Any CPU
		{86013A0D-1668-4D7F-B2FD-C5B6F4EDBF60}.Debug|Any CPU.ActiveCfg = Debug|Any CPU
		{86013A0D-1668-4D7F-B2FD-C5B6F4EDBF60}.Debug|Any CPU.Build.0 = Debug|Any CPU
		{86013A0D-1668-4D7F-B2FD-C5B6F4EDBF60}.Release|Any CPU.ActiveCfg = Release|Any CPU
		{86013A0D-1668-4D7F-B2FD-C5B6F4EDBF60}.Release|Any CPU.Build.0 = Release|Any CPU
		{6DDCFAD6-28B0-4F3B-BCAD-0AA0EB4C4076}.Debug|Any CPU.ActiveCfg = Debug|Any CPU
		{6DDCFAD6-28B0-4F3B-BCAD-0AA0EB4C4076}.Debug|Any CPU.Build.0 = Debug|Any CPU
		{6DDCFAD6-28B0-4F3B-BCAD-0AA0EB4C4076}.Release|Any CPU.ActiveCfg = Release|Any CPU
		{6DDCFAD6-28B0-4F3B-BCAD-0AA0EB4C4076}.Release|Any CPU.Build.0 = Release|Any CPU
	EndGlobalSection
	GlobalSection(SolutionProperties) = preSolution
		HideSolutionNode = FALSE
	EndGlobalSection
	GlobalSection(NestedProjects) = preSolution
		{B5C21751-D7AF-4FE7-ABC0-E2EBA705CECC} = {34622087-9FF6-463C-89C7-FB224CA3C3FE}
		{FBFF76D8-7E2A-47D5-801B-46E6E4C6A5EE} = {B5C21751-D7AF-4FE7-ABC0-E2EBA705CECC}
		{FFD5003A-0FE6-4028-B73A-DE4C8D46171C} = {34622087-9FF6-463C-89C7-FB224CA3C3FE}
		{C44F5F35-5FC3-4E80-84F9-2560DEDEE749} = {34622087-9FF6-463C-89C7-FB224CA3C3FE}
		{87081C29-8B89-49DB-9641-719E1CEF264B} = {FBFF76D8-7E2A-47D5-801B-46E6E4C6A5EE}
		{73B34DA8-4481-43C6-A814-37548FDDA7F7} = {FBFF76D8-7E2A-47D5-801B-46E6E4C6A5EE}
		{C9750E43-AE34-44BC-9171-BCD6BE3F5A2F} = {FBFF76D8-7E2A-47D5-801B-46E6E4C6A5EE}
		{85E73B6F-F08E-4DE4-A56F-2A03B32AC95B} = {FFD5003A-0FE6-4028-B73A-DE4C8D46171C}
		{03E9AC12-FA1C-4648-A527-FDEEA986E4A8} = {FFD5003A-0FE6-4028-B73A-DE4C8D46171C}
		{EF457364-981A-4715-BEE7-1996AF8A7A58} = {C44F5F35-5FC3-4E80-84F9-2560DEDEE749}
		{A8764F27-8D4D-44B0-BF13-CA05BDC603B1} = {EF457364-981A-4715-BEE7-1996AF8A7A58}
		{8A4DFF75-A6D8-4A6C-9ED1-A3F592C0C387} = {EF457364-981A-4715-BEE7-1996AF8A7A58}
		{475898D4-B597-4631-9164-63652DD77E43} = {EF457364-981A-4715-BEE7-1996AF8A7A58}
		{D39C393F-F1FD-4BD2-B417-DEACD49CAD1A} = {B5C21751-D7AF-4FE7-ABC0-E2EBA705CECC}
		{903BCEB2-9FC8-4CA4-BCA3-A0D83D6AC35D} = {D39C393F-F1FD-4BD2-B417-DEACD49CAD1A}
		{6CE7A950-6D6F-440E-BDC5-15DB4B4079EF} = {ABC540C1-63F2-4116-8EFF-85382CAF3269}
		{F2E04E6F-A384-4CD4-94BE-853D41E2EB80} = {6CE7A950-6D6F-440E-BDC5-15DB4B4079EF}
		{8FBF3F07-342D-4EE7-9DB5-E95776B32879} = {D39C393F-F1FD-4BD2-B417-DEACD49CAD1A}
		{6B78DE00-0FA4-4994-A197-91161B018883} = {D39C393F-F1FD-4BD2-B417-DEACD49CAD1A}
		{1D2A6A62-5C44-49F3-8464-0BB1EEC6B96C} = {EF457364-981A-4715-BEE7-1996AF8A7A58}
		{1E5CD25D-1A83-4A66-AE79-509A1909E15A} = {FFD5003A-0FE6-4028-B73A-DE4C8D46171C}
		{86013A0D-1668-4D7F-B2FD-C5B6F4EDBF60} = {FFD5003A-0FE6-4028-B73A-DE4C8D46171C}
		{6DDCFAD6-28B0-4F3B-BCAD-0AA0EB4C4076} = {FFD5003A-0FE6-4028-B73A-DE4C8D46171C}
	EndGlobalSection
EndGlobal
